// !$*UTF8*$!
{
	archiveVersion = 1;
	classes = {
	};
	objectVersion = 77;
	objects = {

/* Begin PBXContainerItemProxy section */
		080B90E62E6434C4001541C4 /* PBXContainerItemProxy */ = {
			isa = PBXContainerItemProxy;
			containerPortal = 080B90CF2E6434C2001541C4 /* Project object */;
			proxyType = 1;
			remoteGlobalIDString = 080B90D62E6434C2001541C4;
			remoteInfo = "Metal Playground";
		};
		080B90F02E6434C4001541C4 /* PBXContainerItemProxy */ = {
			isa = PBXContainerItemProxy;
			containerPortal = 080B90CF2E6434C2001541C4 /* Project object */;
			proxyType = 1;
			remoteGlobalIDString = 080B90D62E6434C2001541C4;
			remoteInfo = "Metal Playground";
		};
/* End PBXContainerItemProxy section */

/* Begin PBXFileReference section */
		080B90D72E6434C2001541C4 /* Metal Playground.app */ = {isa = PBXFileReference; explicitFileType = wrapper.application; includeInIndex = 0; path = "Metal Playground.app"; sourceTree = BUILT_PRODUCTS_DIR; };
		080B90E52E6434C4001541C4 /* Metal PlaygroundTests.xctest */ = {isa = PBXFileReference; explicitFileType = wrapper.cfbundle; includeInIndex = 0; path = "Metal PlaygroundTests.xctest"; sourceTree = BUILT_PRODUCTS_DIR; };
		080B90EF2E6434C4001541C4 /* Metal PlaygroundUITests.xctest */ = {isa = PBXFileReference; explicitFileType = wrapper.cfbundle; includeInIndex = 0; path = "Metal PlaygroundUITests.xctest"; sourceTree = BUILT_PRODUCTS_DIR; };
/* End PBXFileReference section */

/* Begin PBXFileSystemSynchronizedRootGroup section */
		080B90D92E6434C2001541C4 /* Metal Playground */ = {
			isa = PBXFileSystemSynchronizedRootGroup;
			path = "Metal Playground";
			sourceTree = "<group>";
		};
		080B90E82E6434C4001541C4 /* Metal PlaygroundTests */ = {
			isa = PBXFileSystemSynchronizedRootGroup;
			path = "Metal PlaygroundTests";
			sourceTree = "<group>";
		};
		080B90F22E6434C4001541C4 /* Metal PlaygroundUITests */ = {
			isa = PBXFileSystemSynchronizedRootGroup;
			path = "Metal PlaygroundUITests";
			sourceTree = "<group>";
		};
/* End PBXFileSystemSynchronizedRootGroup section */

/* Begin PBXFrameworksBuildPhase section */
		080B90D42E6434C2001541C4 /* Frameworks */ = {
			isa = PBXFrameworksBuildPhase;
			buildActionMask = 2147483647;
			files = (
			);
			runOnlyForDeploymentPostprocessing = 0;
		};
		080B90E22E6434C4001541C4 /* Frameworks */ = {
			isa = PBXFrameworksBuildPhase;
			buildActionMask = 2147483647;
			files = (
			);
			runOnlyForDeploymentPostprocessing = 0;
		};
		080B90EC2E6434C4001541C4 /* Frameworks */ = {
			isa = PBXFrameworksBuildPhase;
			buildActionMask = 2147483647;
			files = (
			);
			runOnlyForDeploymentPostprocessing = 0;
		};
/* End PBXFrameworksBuildPhase section */

/* Begin PBXGroup section */
		080B90CE2E6434C2001541C4 = {
			isa = PBXGroup;
			children = (
				080B90D92E6434C2001541C4 /* Metal Playground */,
				080B90E82E6434C4001541C4 /* Metal PlaygroundTests */,
				080B90F22E6434C4001541C4 /* Metal PlaygroundUITests */,
				080B90D82E6434C2001541C4 /* Products */,
			);
			sourceTree = "<group>";
		};
		080B90D82E6434C2001541C4 /* Products */ = {
			isa = PBXGroup;
			children = (
				080B90D72E6434C2001541C4 /* Metal Playground.app */,
				080B90E52E6434C4001541C4 /* Metal PlaygroundTests.xctest */,
				080B90EF2E6434C4001541C4 /* Metal PlaygroundUITests.xctest */,
			);
			name = Products;
			sourceTree = "<group>";
		};
/* End PBXGroup section */

/* Begin PBXNativeTarget section */
		080B90D62E6434C2001541C4 /* Metal Playground */ = {
			isa = PBXNativeTarget;
			buildConfigurationList = 080B90F92E6434C4001541C4 /* Build configuration list for PBXNativeTarget "Metal Playground" */;
			buildPhases = (
				080B90D32E6434C2001541C4 /* Sources */,
				080B90D42E6434C2001541C4 /* Frameworks */,
				080B90D52E6434C2001541C4 /* Resources */,
			);
			buildRules = (
			);
			dependencies = (
			);
			fileSystemSynchronizedGroups = (
				080B90D92E6434C2001541C4 /* Metal Playground */,
			);
			name = "Metal Playground";
			packageProductDependencies = (
			);
			productName = "Metal Playground";
			productReference = 080B90D72E6434C2001541C4 /* Metal Playground.app */;
			productType = "com.apple.product-type.application";
		};
		080B90E42E6434C4001541C4 /* Metal PlaygroundTests */ = {
			isa = PBXNativeTarget;
			buildConfigurationList = 080B90FC2E6434C4001541C4 /* Build configuration list for PBXNativeTarget "Metal PlaygroundTests" */;
			buildPhases = (
				080B90E12E6434C4001541C4 /* Sources */,
				080B90E22E6434C4001541C4 /* Frameworks */,
				080B90E32E6434C4001541C4 /* Resources */,
			);
			buildRules = (
			);
			dependencies = (
				080B90E72E6434C4001541C4 /* PBXTargetDependency */,
			);
			fileSystemSynchronizedGroups = (
				080B90E82E6434C4001541C4 /* Metal PlaygroundTests */,
			);
			name = "Metal PlaygroundTests";
			packageProductDependencies = (
			);
			productName = "Metal PlaygroundTests";
			productReference = 080B90E52E6434C4001541C4 /* Metal PlaygroundTests.xctest */;
			productType = "com.apple.product-type.bundle.unit-test";
		};
		080B90EE2E6434C4001541C4 /* Metal PlaygroundUITests */ = {
			isa = PBXNativeTarget;
			buildConfigurationList = 080B90FF2E6434C4001541C4 /* Build configuration list for PBXNativeTarget "Metal PlaygroundUITests" */;
			buildPhases = (
				080B90EB2E6434C4001541C4 /* Sources */,
				080B90EC2E6434C4001541C4 /* Frameworks */,
				080B90ED2E6434C4001541C4 /* Resources */,
			);
			buildRules = (
			);
			dependencies = (
				080B90F12E6434C4001541C4 /* PBXTargetDependency */,
			);
			fileSystemSynchronizedGroups = (
				080B90F22E6434C4001541C4 /* Metal PlaygroundUITests */,
			);
			name = "Metal PlaygroundUITests";
			packageProductDependencies = (
			);
			productName = "Metal PlaygroundUITests";
			productReference = 080B90EF2E6434C4001541C4 /* Metal PlaygroundUITests.xctest */;
			productType = "com.apple.product-type.bundle.ui-testing";
		};
/* End PBXNativeTarget section */

/* Begin PBXProject section */
		080B90CF2E6434C2001541C4 /* Project object */ = {
			isa = PBXProject;
			attributes = {
				BuildIndependentTargetsInParallel = 1;
				LastSwiftUpdateCheck = 1640;
				LastUpgradeCheck = 1640;
				TargetAttributes = {
					080B90D62E6434C2001541C4 = {
						CreatedOnToolsVersion = 16.4;
					};
					080B90E42E6434C4001541C4 = {
						CreatedOnToolsVersion = 16.4;
						TestTargetID = 080B90D62E6434C2001541C4;
					};
					080B90EE2E6434C4001541C4 = {
						CreatedOnToolsVersion = 16.4;
						TestTargetID = 080B90D62E6434C2001541C4;
					};
				};
			};
			buildConfigurationList = 080B90D22E6434C2001541C4 /* Build configuration list for PBXProject "Metal Playground" */;
			developmentRegion = en;
			hasScannedForEncodings = 0;
			knownRegions = (
				en,
				Base,
			);
			mainGroup = 080B90CE2E6434C2001541C4;
			minimizedProjectReferenceProxies = 1;
			preferredProjectObjectVersion = 77;
			productRefGroup = 080B90D82E6434C2001541C4 /* Products */;
			projectDirPath = "";
			projectRoot = "";
			targets = (
				080B90D62E6434C2001541C4 /* Metal Playground */,
				080B90E42E6434C4001541C4 /* Metal PlaygroundTests */,
				080B90EE2E6434C4001541C4 /* Metal PlaygroundUITests */,
			);
		};
/* End PBXProject section */

/* Begin PBXResourcesBuildPhase section */
		080B90D52E6434C2001541C4 /* Resources */ = {
			isa = PBXResourcesBuildPhase;
			buildActionMask = 2147483647;
			files = (
			);
			runOnlyForDeploymentPostprocessing = 0;
		};
		080B90E32E6434C4001541C4 /* Resources */ = {
			isa = PBXResourcesBuildPhase;
			buildActionMask = 2147483647;
			files = (
			);
			runOnlyForDeploymentPostprocessing = 0;
		};
		080B90ED2E6434C4001541C4 /* Resources */ = {
			isa = PBXResourcesBuildPhase;
			buildActionMask = 2147483647;
			files = (
			);
			runOnlyForDeploymentPostprocessing = 0;
		};
/* End PBXResourcesBuildPhase section */

/* Begin PBXSourcesBuildPhase section */
		080B90D32E6434C2001541C4 /* Sources */ = {
			isa = PBXSourcesBuildPhase;
			buildActionMask = 2147483647;
			files = (
			);
			runOnlyForDeploymentPostprocessing = 0;
		};
		080B90E12E6434C4001541C4 /* Sources */ = {
			isa = PBXSourcesBuildPhase;
			buildActionMask = 2147483647;
			files = (
			);
			runOnlyForDeploymentPostprocessing = 0;
		};
		080B90EB2E6434C4001541C4 /* Sources */ = {
			isa = PBXSourcesBuildPhase;
			buildActionMask = 2147483647;
			files = (
			);
			runOnlyForDeploymentPostprocessing = 0;
		};
/* End PBXSourcesBuildPhase section */

/* Begin PBXTargetDependency section */
		080B90E72E6434C4001541C4 /* PBXTargetDependency */ = {
			isa = PBXTargetDependency;
			target = 080B90D62E6434C2001541C4 /* Metal Playground */;
			targetProxy = 080B90E62E6434C4001541C4 /* PBXContainerItemProxy */;
		};
		080B90F12E6434C4001541C4 /* PBXTargetDependency */ = {
			isa = PBXTargetDependency;
			target = 080B90D62E6434C2001541C4 /* Metal Playground */;
			targetProxy = 080B90F02E6434C4001541C4 /* PBXContainerItemProxy */;
		};
/* End PBXTargetDependency section */

/* Begin XCBuildConfiguration section */
		080B90F72E6434C4001541C4 /* Debug */ = {
			isa = XCBuildConfiguration;
			buildSettings = {
				ALWAYS_SEARCH_USER_PATHS = NO;
				ASSETCATALOG_COMPILER_GENERATE_SWIFT_ASSET_SYMBOL_EXTENSIONS = YES;
				CLANG_ANALYZER_NONNULL = YES;
				CLANG_ANALYZER_NUMBER_OBJECT_CONVERSION = YES_AGGRESSIVE;
				CLANG_CXX_LANGUAGE_STANDARD = "gnu++20";
				CLANG_ENABLE_MODULES = YES;
				CLANG_ENABLE_OBJC_ARC = YES;
				CLANG_ENABLE_OBJC_WEAK = YES;
				CLANG_WARN_BLOCK_CAPTURE_AUTORELEASING = YES;
				CLANG_WARN_BOOL_CONVERSION = YES;
				CLANG_WARN_COMMA = YES;
				CLANG_WARN_CONSTANT_CONVERSION = YES;
				CLANG_WARN_DEPRECATED_OBJC_IMPLEMENTATIONS = YES;
				CLANG_WARN_DIRECT_OBJC_ISA_USAGE = YES_ERROR;
				CLANG_WARN_DOCUMENTATION_COMMENTS = YES;
				CLANG_WARN_EMPTY_BODY = YES;
				CLANG_WARN_ENUM_CONVERSION = YES;
				CLANG_WARN_INFINITE_RECURSION = YES;
				CLANG_WARN_INT_CONVERSION = YES;
				CLANG_WARN_NON_LITERAL_NULL_CONVERSION = YES;
				CLANG_WARN_OBJC_IMPLICIT_RETAIN_SELF = YES;
				CLANG_WARN_OBJC_LITERAL_CONVERSION = YES;
				CLANG_WARN_OBJC_ROOT_CLASS = YES_ERROR;
				CLANG_WARN_QUOTED_INCLUDE_IN_FRAMEWORK_HEADER = YES;
				CLANG_WARN_RANGE_LOOP_ANALYSIS = YES;
				CLANG_WARN_STRICT_PROTOTYPES = YES;
				CLANG_WARN_SUSPICIOUS_MOVE = YES;
				CLANG_WARN_UNGUARDED_AVAILABILITY = YES_AGGRESSIVE;
				CLANG_WARN_UNREACHABLE_CODE = YES;
				CLANG_WARN__DUPLICATE_METHOD_MATCH = YES;
				COPY_PHASE_STRIP = NO;
				DEBUG_INFORMATION_FORMAT = dwarf;
				ENABLE_STRICT_OBJC_MSGSEND = YES;
				ENABLE_TESTABILITY = YES;
				ENABLE_USER_SCRIPT_SANDBOXING = YES;
				GCC_C_LANGUAGE_STANDARD = gnu17;
				GCC_DYNAMIC_NO_PIC = NO;
				GCC_NO_COMMON_BLOCKS = YES;
				GCC_OPTIMIZATION_LEVEL = 0;
				GCC_PREPROCESSOR_DEFINITIONS = (
					"DEBUG=1",
					"$(inherited)",
				);
				GCC_WARN_64_TO_32_BIT_CONVERSION = YES;
				GCC_WARN_ABOUT_RETURN_TYPE = YES_ERROR;
				GCC_WARN_UNDECLARED_SELECTOR = YES;
				GCC_WARN_UNINITIALIZED_AUTOS = YES_AGGRESSIVE;
				GCC_WARN_UNUSED_FUNCTION = YES;
				GCC_WARN_UNUSED_VARIABLE = YES;
				LOCALIZATION_PREFERS_STRING_CATALOGS = YES;
				MACOSX_DEPLOYMENT_TARGET = 15.5;
				MTL_ENABLE_DEBUG_INFO = INCLUDE_SOURCE;
				MTL_FAST_MATH = YES;
				ONLY_ACTIVE_ARCH = YES;
				SDKROOT = macosx;
				SWIFT_ACTIVE_COMPILATION_CONDITIONS = "DEBUG $(inherited)";
				SWIFT_OPTIMIZATION_LEVEL = "-Onone";
			};
			name = Debug;
		};
		080B90F82E6434C4001541C4 /* Release */ = {
			isa = XCBuildConfiguration;
			buildSettings = {
				ALWAYS_SEARCH_USER_PATHS = NO;
				ASSETCATALOG_COMPILER_GENERATE_SWIFT_ASSET_SYMBOL_EXTENSIONS = YES;
				CLANG_ANALYZER_NONNULL = YES;
				CLANG_ANALYZER_NUMBER_OBJECT_CONVERSION = YES_AGGRESSIVE;
				CLANG_CXX_LANGUAGE_STANDARD = "gnu++20";
				CLANG_ENABLE_MODULES = YES;
				CLANG_ENABLE_OBJC_ARC = YES;
				CLANG_ENABLE_OBJC_WEAK = YES;
				CLANG_WARN_BLOCK_CAPTURE_AUTORELEASING = YES;
				CLANG_WARN_BOOL_CONVERSION = YES;
				CLANG_WARN_COMMA = YES;
				CLANG_WARN_CONSTANT_CONVERSION = YES;
				CLANG_WARN_DEPRECATED_OBJC_IMPLEMENTATIONS = YES;
				CLANG_WARN_DIRECT_OBJC_ISA_USAGE = YES_ERROR;
				CLANG_WARN_DOCUMENTATION_COMMENTS = YES;
				CLANG_WARN_EMPTY_BODY = YES;
				CLANG_WARN_ENUM_CONVERSION = YES;
				CLANG_WARN_INFINITE_RECURSION = YES;
				CLANG_WARN_INT_CONVERSION = YES;
				CLANG_WARN_NON_LITERAL_NULL_CONVERSION = YES;
				CLANG_WARN_OBJC_IMPLICIT_RETAIN_SELF = YES;
				CLANG_WARN_OBJC_LITERAL_CONVERSION = YES;
				CLANG_WARN_OBJC_ROOT_CLASS = YES_ERROR;
				CLANG_WARN_QUOTED_INCLUDE_IN_FRAMEWORK_HEADER = YES;
				CLANG_WARN_RANGE_LOOP_ANALYSIS = YES;
				CLANG_WARN_STRICT_PROTOTYPES = YES;
				CLANG_WARN_SUSPICIOUS_MOVE = YES;
				CLANG_WARN_UNGUARDED_AVAILABILITY = YES_AGGRESSIVE;
				CLANG_WARN_UNREACHABLE_CODE = YES;
				CLANG_WARN__DUPLICATE_METHOD_MATCH = YES;
				COPY_PHASE_STRIP = NO;
				DEBUG_INFORMATION_FORMAT = "dwarf-with-dsym";
				ENABLE_NS_ASSERTIONS = NO;
				ENABLE_STRICT_OBJC_MSGSEND = YES;
				ENABLE_USER_SCRIPT_SANDBOXING = YES;
				GCC_C_LANGUAGE_STANDARD = gnu17;
				GCC_NO_COMMON_BLOCKS = YES;
				GCC_WARN_64_TO_32_BIT_CONVERSION = YES;
				GCC_WARN_ABOUT_RETURN_TYPE = YES_ERROR;
				GCC_WARN_UNDECLARED_SELECTOR = YES;
				GCC_WARN_UNINITIALIZED_AUTOS = YES_AGGRESSIVE;
				GCC_WARN_UNUSED_FUNCTION = YES;
				GCC_WARN_UNUSED_VARIABLE = YES;
				LOCALIZATION_PREFERS_STRING_CATALOGS = YES;
				MACOSX_DEPLOYMENT_TARGET = 15.5;
				MTL_ENABLE_DEBUG_INFO = NO;
				MTL_FAST_MATH = YES;
				SDKROOT = macosx;
				SWIFT_COMPILATION_MODE = wholemodule;
			};
			name = Release;
		};
		080B90FA2E6434C4001541C4 /* Debug */ = {
			isa = XCBuildConfiguration;
			buildSettings = {
				ASSETCATALOG_COMPILER_APPICON_NAME = AppIcon;
				ASSETCATALOG_COMPILER_GLOBAL_ACCENT_COLOR_NAME = AccentColor;
				CODE_SIGN_ENTITLEMENTS = "Metal Playground/Metal_Playground.entitlements";
				CODE_SIGN_STYLE = Automatic;
				COMBINE_HIDPI_IMAGES = YES;
				CURRENT_PROJECT_VERSION = 1;
				ENABLE_PREVIEWS = YES;
				GENERATE_INFOPLIST_FILE = YES;
				INFOPLIST_KEY_NSHumanReadableCopyright = "";
				LD_RUNPATH_SEARCH_PATHS = (
					"$(inherited)",
					"@executable_path/../Frameworks",
				);
				MARKETING_VERSION = 1.0;
				PRODUCT_BUNDLE_IDENTIFIER = "skhattak.Metal-Playground";
				PRODUCT_NAME = "$(TARGET_NAME)";
				REGISTER_APP_GROUPS = YES;
				SWIFT_EMIT_LOC_STRINGS = YES;
				SWIFT_VERSION = 5.0;
			};
			name = Debug;
		};
		080B90FB2E6434C4001541C4 /* Release */ = {
			isa = XCBuildConfiguration;
			buildSettings = {
				ASSETCATALOG_COMPILER_APPICON_NAME = AppIcon;
				ASSETCATALOG_COMPILER_GLOBAL_ACCENT_COLOR_NAME = AccentColor;
				CODE_SIGN_ENTITLEMENTS = "Metal Playground/Metal_Playground.entitlements";
				CODE_SIGN_STYLE = Automatic;
				COMBINE_HIDPI_IMAGES = YES;
				CURRENT_PROJECT_VERSION = 1;
				ENABLE_PREVIEWS = YES;
				GENERATE_INFOPLIST_FILE = YES;
				INFOPLIST_KEY_NSHumanReadableCopyright = "";
				LD_RUNPATH_SEARCH_PATHS = (
					"$(inherited)",
					"@executable_path/../Frameworks",
				);
				MARKETING_VERSION = 1.0;
				PRODUCT_BUNDLE_IDENTIFIER = "skhattak.Metal-Playground";
				PRODUCT_NAME = "$(TARGET_NAME)";
				REGISTER_APP_GROUPS = YES;
				SWIFT_EMIT_LOC_STRINGS = YES;
				SWIFT_VERSION = 5.0;
			};
			name = Release;
		};
		080B90FD2E6434C4001541C4 /* Debug */ = {
			isa = XCBuildConfiguration;
			buildSettings = {
				BUNDLE_LOADER = "$(TEST_HOST)";
				CODE_SIGN_STYLE = Automatic;
				CURRENT_PROJECT_VERSION = 1;
				GENERATE_INFOPLIST_FILE = YES;
				MACOSX_DEPLOYMENT_TARGET = 15.5;
				MARKETING_VERSION = 1.0;
				PRODUCT_BUNDLE_IDENTIFIER = "skhattak.Metal-PlaygroundTests";
				PRODUCT_NAME = "$(TARGET_NAME)";
				SWIFT_EMIT_LOC_STRINGS = NO;
				SWIFT_VERSION = 5.0;
				TEST_HOST = "$(BUILT_PRODUCTS_DIR)/Metal Playground.app/$(BUNDLE_EXECUTABLE_FOLDER_PATH)/Metal Playground";
			};
			name = Debug;
		};
		080B90FE2E6434C4001541C4 /* Release */ = {
			isa = XCBuildConfiguration;
			buildSettings = {
				BUNDLE_LOADER = "$(TEST_HOST)";
				CODE_SIGN_STYLE = Automatic;
				CURRENT_PROJECT_VERSION = 1;
				GENERATE_INFOPLIST_FILE = YES;
				MACOSX_DEPLOYMENT_TARGET = 15.5;
				MARKETING_VERSION = 1.0;
				PRODUCT_BUNDLE_IDENTIFIER = "skhattak.Metal-PlaygroundTests";
				PRODUCT_NAME = "$(TARGET_NAME)";
				SWIFT_EMIT_LOC_STRINGS = NO;
				SWIFT_VERSION = 5.0;
				TEST_HOST = "$(BUILT_PRODUCTS_DIR)/Metal Playground.app/$(BUNDLE_EXECUTABLE_FOLDER_PATH)/Metal Playground";
			};
			name = Release;
		};
		080B91002E6434C4001541C4 /* Debug */ = {
			isa = XCBuildConfiguration;
			buildSettings = {
				CODE_SIGN_STYLE = Automatic;
				CURRENT_PROJECT_VERSION = 1;
				GENERATE_INFOPLIST_FILE = YES;
				MARKETING_VERSION = 1.0;
				PRODUCT_BUNDLE_IDENTIFIER = "skhattak.Metal-PlaygroundUITests";
				PRODUCT_NAME = "$(TARGET_NAME)";
				SWIFT_EMIT_LOC_STRINGS = NO;
				SWIFT_VERSION = 5.0;
				TEST_TARGET_NAME = "Metal Playground";
			};
			name = Debug;
		};
		080B91012E6434C4001541C4 /* Release */ = {
			isa = XCBuildConfiguration;
			buildSettings = {
				CODE_SIGN_STYLE = Automatic;
				CURRENT_PROJECT_VERSION = 1;
				GENERATE_INFOPLIST_FILE = YES;
				MARKETING_VERSION = 1.0;
				PRODUCT_BUNDLE_IDENTIFIER = "skhattak.Metal-PlaygroundUITests";
				PRODUCT_NAME = "$(TARGET_NAME)";
				SWIFT_EMIT_LOC_STRINGS = NO;
				SWIFT_VERSION = 5.0;
				TEST_TARGET_NAME = "Metal Playground";
			};
			name = Release;
		};
/* End XCBuildConfiguration section */

/* Begin XCConfigurationList section */
		080B90D22E6434C2001541C4 /* Build configuration list for PBXProject "Metal Playground" */ = {
			isa = XCConfigurationList;
			buildConfigurations = (
				080B90F72E6434C4001541C4 /* Debug */,
				080B90F82E6434C4001541C4 /* Release */,
			);
			defaultConfigurationIsVisible = 0;
			defaultConfigurationName = Release;
		};
		080B90F92E6434C4001541C4 /* Build configuration list for PBXNativeTarget "Metal Playground" */ = {
			isa = XCConfigurationList;
			buildConfigurations = (
				080B90FA2E6434C4001541C4 /* Debug */,
				080B90FB2E6434C4001541C4 /* Release */,
			);
			defaultConfigurationIsVisible = 0;
			defaultConfigurationName = Release;
		};
		080B90FC2E6434C4001541C4 /* Build configuration list for PBXNativeTarget "Metal PlaygroundTests" */ = {
			isa = XCConfigurationList;
			buildConfigurations = (
				080B90FD2E6434C4001541C4 /* Debug */,
				080B90FE2E6434C4001541C4 /* Release */,
			);
			defaultConfigurationIsVisible = 0;
			defaultConfigurationName = Release;
		};
		080B90FF2E6434C4001541C4 /* Build configuration list for PBXNativeTarget "Metal PlaygroundUITests" */ = {
			isa = XCConfigurationList;
			buildConfigurations = (
				080B91002E6434C4001541C4 /* Debug */,
				080B91012E6434C4001541C4 /* Release */,
			);
			defaultConfigurationIsVisible = 0;
			defaultConfigurationName = Release;
		};
/* End XCConfigurationList section */
	};
	rootObject = 080B90CF2E6434C2001541C4 /* Project object */;
}
